
Microsoft Visual Studio Solution File, Format Version 12.00
# Visual Studio 15
VisualStudioVersion = 15.0.28010.2019
MinimumVisualStudioVersion = 10.0.40219.1
Project("{9A19103F-16F7-4668-BE54-9A1E7A4F7556}") = "TEV.TEST.API", "TEV.TEST.API\TEV.TEST.API.csproj", "{5B843CA1-F101-4F08-A61A-E0024BDAA9D5}"
EndProject
Project("{9A19103F-16F7-4668-BE54-9A1E7A4F7556}") = "TEV.TEST.UNITTEST", "TEV.TEST.UNITTEST\TEV.TEST.UNITTEST.csproj", "{F952B8B7-2595-4051-82B9-4B588F5FAA9C}"
EndProject
Project("{2150E333-8FDC-42A3-9474-1A3956D46DE8}") = "TEV.TEST.SQL", "TEV.TEST.SQL", "{567AA387-A560-4614-A25B-0A7FE7DE965B}"
	ProjectSection(SolutionItems) = preProject
		QueryTest.sql = QueryTest.sql
	EndProjectSection
EndProject
Global
	GlobalSection(SolutionConfigurationPlatforms) = preSolution
		Debug|Any CPU = Debug|Any CPU
		Release|Any CPU = Release|Any CPU
	EndGlobalSection
	GlobalSection(ProjectConfigurationPlatforms) = postSolution
		{5B843CA1-F101-4F08-A61A-E0024BDAA9D5}.Debug|Any CPU.ActiveCfg = Debug|Any CPU
		{5B843CA1-F101-4F08-A61A-E0024BDAA9D5}.Debug|Any CPU.Build.0 = Debug|Any CPU
		{5B843CA1-F101-4F08-A61A-E0024BDAA9D5}.Release|Any CPU.ActiveCfg = Release|Any CPU
		{5B843CA1-F101-4F08-A61A-E0024BDAA9D5}.Release|Any CPU.Build.0 = Release|Any CPU
		{F952B8B7-2595-4051-82B9-4B588F5FAA9C}.Debug|Any CPU.ActiveCfg = Debug|Any CPU
		{F952B8B7-2595-4051-82B9-4B588F5FAA9C}.Debug|Any CPU.Build.0 = Debug|Any CPU
		{F952B8B7-2595-4051-82B9-4B588F5FAA9C}.Release|Any CPU.ActiveCfg = Release|Any CPU
		{F952B8B7-2595-4051-82B9-4B588F5FAA9C}.Release|Any CPU.Build.0 = Release|Any CPU
	EndGlobalSection
	GlobalSection(SolutionProperties) = preSolution
		HideSolutionNode = FALSE
	EndGlobalSection
	GlobalSection(ExtensibilityGlobals) = postSolution
		SolutionGuid = {C16FE1C2-06BF-490B-94ED-A805EB68E9CC}
	EndGlobalSection
EndGlobal
